
Microsoft Visual Studio Solution File, Format Version 12.00
# Visual Studio 15
VisualStudioVersion = 15.0.28307.852
MinimumVisualStudioVersion = 10.0.40219.1
Project("{8BC9CEB8-8B4A-11D0-8D11-00A0C91BC942}") = "test-2020-4-2", "test-2020-4-2\test-2020-4-2.vcxproj", "{E75A8092-1CB0-4069-8DF3-48716A2B77FB}"
EndProject
Global
	GlobalSection(SolutionConfigurationPlatforms) = preSolution
		Debug|x64 = Debug|x64
		Debug|x86 = Debug|x86
		Release|x64 = Release|x64
		Release|x86 = Release|x86
	EndGlobalSection
	GlobalSection(ProjectConfigurationPlatforms) = postSolution
		{E75A8092-1CB0-4069-8DF3-48716A2B77FB}.Debug|x64.ActiveCfg = Debug|x64
		{E75A8092-1CB0-4069-8DF3-48716A2B77FB}.Debug|x64.Build.0 = Debug|x64
		{E75A8092-1CB0-4069-8DF3-48716A2B77FB}.Debug|x86.ActiveCfg = Debug|Win32
		{E75A8092-1CB0-4069-8DF3-48716A2B77FB}.Debug|x86.Build.0 = Debug|Win32
		{E75A8092-1CB0-4069-8DF3-48716A2B77FB}.Release|x64.ActiveCfg = Release|x64
		{E75A8092-1CB0-4069-8DF3-48716A2B77FB}.Release|x64.Build.0 = Release|x64
		{E75A8092-1CB0-4069-8DF3-48716A2B77FB}.Release|x86.ActiveCfg = Release|Win32
		{E75A8092-1CB0-4069-8DF3-48716A2B77FB}.Release|x86.Build.0 = Release|Win32
	EndGlobalSection
	GlobalSection(SolutionProperties) = preSolution
		HideSolutionNode = FALSE
	EndGlobalSection
	GlobalSection(ExtensibilityGlobals) = postSolution
		SolutionGuid = {971FCE61-21E6-4708-93E0-5A581F4D2790}
	EndGlobalSection
EndGlobal
