
Microsoft Visual Studio Solution File, Format Version 12.00
# Visual Studio 15
VisualStudioVersion = 15.0.28307.852
MinimumVisualStudioVersion = 10.0.40219.1
Project("{8BC9CEB8-8B4A-11D0-8D11-00A0C91BC942}") = "test-2020-4-24", "test-2020-4-24\test-2020-4-24.vcxproj", "{D6DE2B1A-665A-483E-8529-8EAC11E81DD1}"
EndProject
Global
	GlobalSection(SolutionConfigurationPlatforms) = preSolution
		Debug|x64 = Debug|x64
		Debug|x86 = Debug|x86
		Release|x64 = Release|x64
		Release|x86 = Release|x86
	EndGlobalSection
	GlobalSection(ProjectConfigurationPlatforms) = postSolution
		{D6DE2B1A-665A-483E-8529-8EAC11E81DD1}.Debug|x64.ActiveCfg = Debug|x64
		{D6DE2B1A-665A-483E-8529-8EAC11E81DD1}.Debug|x64.Build.0 = Debug|x64
		{D6DE2B1A-665A-483E-8529-8EAC11E81DD1}.Debug|x86.ActiveCfg = Debug|Win32
		{D6DE2B1A-665A-483E-8529-8EAC11E81DD1}.Debug|x86.Build.0 = Debug|Win32
		{D6DE2B1A-665A-483E-8529-8EAC11E81DD1}.Release|x64.ActiveCfg = Release|x64
		{D6DE2B1A-665A-483E-8529-8EAC11E81DD1}.Release|x64.Build.0 = Release|x64
		{D6DE2B1A-665A-483E-8529-8EAC11E81DD1}.Release|x86.ActiveCfg = Release|Win32
		{D6DE2B1A-665A-483E-8529-8EAC11E81DD1}.Release|x86.Build.0 = Release|Win32
	EndGlobalSection
	GlobalSection(SolutionProperties) = preSolution
		HideSolutionNode = FALSE
	EndGlobalSection
	GlobalSection(ExtensibilityGlobals) = postSolution
		SolutionGuid = {ABF79E16-35D6-4DC2-BEEF-9CD7080A6E66}
	EndGlobalSection
EndGlobal
