
Microsoft Visual Studio Solution File, Format Version 12.00
# Visual Studio 15
VisualStudioVersion = 15.0.28307.852
MinimumVisualStudioVersion = 10.0.40219.1
Project("{8BC9CEB8-8B4A-11D0-8D11-00A0C91BC942}") = "List", "List\List.vcxproj", "{1AD412BD-198C-4880-942D-AA5DBAF00527}"
EndProject
Global
	GlobalSection(SolutionConfigurationPlatforms) = preSolution
		Debug|x64 = Debug|x64
		Debug|x86 = Debug|x86
		Release|x64 = Release|x64
		Release|x86 = Release|x86
	EndGlobalSection
	GlobalSection(ProjectConfigurationPlatforms) = postSolution
		{1AD412BD-198C-4880-942D-AA5DBAF00527}.Debug|x64.ActiveCfg = Debug|x64
		{1AD412BD-198C-4880-942D-AA5DBAF00527}.Debug|x64.Build.0 = Debug|x64
		{1AD412BD-198C-4880-942D-AA5DBAF00527}.Debug|x86.ActiveCfg = Debug|Win32
		{1AD412BD-198C-4880-942D-AA5DBAF00527}.Debug|x86.Build.0 = Debug|Win32
		{1AD412BD-198C-4880-942D-AA5DBAF00527}.Release|x64.ActiveCfg = Release|x64
		{1AD412BD-198C-4880-942D-AA5DBAF00527}.Release|x64.Build.0 = Release|x64
		{1AD412BD-198C-4880-942D-AA5DBAF00527}.Release|x86.ActiveCfg = Release|Win32
		{1AD412BD-198C-4880-942D-AA5DBAF00527}.Release|x86.Build.0 = Release|Win32
	EndGlobalSection
	GlobalSection(SolutionProperties) = preSolution
		HideSolutionNode = FALSE
	EndGlobalSection
	GlobalSection(ExtensibilityGlobals) = postSolution
		SolutionGuid = {7E8B4F2C-FE26-4F1F-A81A-42C942C0CBF3}
	EndGlobalSection
EndGlobal
