
Microsoft Visual Studio Solution File, Format Version 12.00
# Visual Studio 15
VisualStudioVersion = 15.0.28307.852
MinimumVisualStudioVersion = 10.0.40219.1
Project("{8BC9CEB8-8B4A-11D0-8D11-00A0C91BC942}") = "test-10-10", "test-10-10\test-10-10.vcxproj", "{B0CE2F02-D230-4491-B1A1-A2D982BC25FB}"
EndProject
Global
	GlobalSection(SolutionConfigurationPlatforms) = preSolution
		Debug|x64 = Debug|x64
		Debug|x86 = Debug|x86
		Release|x64 = Release|x64
		Release|x86 = Release|x86
	EndGlobalSection
	GlobalSection(ProjectConfigurationPlatforms) = postSolution
		{B0CE2F02-D230-4491-B1A1-A2D982BC25FB}.Debug|x64.ActiveCfg = Debug|x64
		{B0CE2F02-D230-4491-B1A1-A2D982BC25FB}.Debug|x64.Build.0 = Debug|x64
		{B0CE2F02-D230-4491-B1A1-A2D982BC25FB}.Debug|x86.ActiveCfg = Debug|Win32
		{B0CE2F02-D230-4491-B1A1-A2D982BC25FB}.Debug|x86.Build.0 = Debug|Win32
		{B0CE2F02-D230-4491-B1A1-A2D982BC25FB}.Release|x64.ActiveCfg = Release|x64
		{B0CE2F02-D230-4491-B1A1-A2D982BC25FB}.Release|x64.Build.0 = Release|x64
		{B0CE2F02-D230-4491-B1A1-A2D982BC25FB}.Release|x86.ActiveCfg = Release|Win32
		{B0CE2F02-D230-4491-B1A1-A2D982BC25FB}.Release|x86.Build.0 = Release|Win32
	EndGlobalSection
	GlobalSection(SolutionProperties) = preSolution
		HideSolutionNode = FALSE
	EndGlobalSection
	GlobalSection(ExtensibilityGlobals) = postSolution
		SolutionGuid = {342A1FDF-435E-46BF-BACC-5B7CE0C05146}
	EndGlobalSection
EndGlobal
