
Microsoft Visual Studio Solution File, Format Version 12.00
# Visual Studio 15
VisualStudioVersion = 15.0.28307.852
MinimumVisualStudioVersion = 10.0.40219.1
Project("{8BC9CEB8-8B4A-11D0-8D11-00A0C91BC942}") = "test-11-26", "test-11-26\test-11-26.vcxproj", "{319F6AFA-21DA-4F90-B0AD-984AA4A66515}"
EndProject
Global
	GlobalSection(SolutionConfigurationPlatforms) = preSolution
		Debug|x64 = Debug|x64
		Debug|x86 = Debug|x86
		Release|x64 = Release|x64
		Release|x86 = Release|x86
	EndGlobalSection
	GlobalSection(ProjectConfigurationPlatforms) = postSolution
		{319F6AFA-21DA-4F90-B0AD-984AA4A66515}.Debug|x64.ActiveCfg = Debug|x64
		{319F6AFA-21DA-4F90-B0AD-984AA4A66515}.Debug|x64.Build.0 = Debug|x64
		{319F6AFA-21DA-4F90-B0AD-984AA4A66515}.Debug|x86.ActiveCfg = Debug|Win32
		{319F6AFA-21DA-4F90-B0AD-984AA4A66515}.Debug|x86.Build.0 = Debug|Win32
		{319F6AFA-21DA-4F90-B0AD-984AA4A66515}.Release|x64.ActiveCfg = Release|x64
		{319F6AFA-21DA-4F90-B0AD-984AA4A66515}.Release|x64.Build.0 = Release|x64
		{319F6AFA-21DA-4F90-B0AD-984AA4A66515}.Release|x86.ActiveCfg = Release|Win32
		{319F6AFA-21DA-4F90-B0AD-984AA4A66515}.Release|x86.Build.0 = Release|Win32
	EndGlobalSection
	GlobalSection(SolutionProperties) = preSolution
		HideSolutionNode = FALSE
	EndGlobalSection
	GlobalSection(ExtensibilityGlobals) = postSolution
		SolutionGuid = {8A81F3C7-95FA-4A85-B203-E99CF92A4DAE}
	EndGlobalSection
EndGlobal
