
Microsoft Visual Studio Solution File, Format Version 12.00
# Visual Studio 15
VisualStudioVersion = 15.0.28307.852
MinimumVisualStudioVersion = 10.0.40219.1
Project("{8BC9CEB8-8B4A-11D0-8D11-00A0C91BC942}") = "test-11-04", "test-11-04\test-11-04.vcxproj", "{9ABDC199-B709-43C4-B635-638812308CA3}"
EndProject
Global
	GlobalSection(SolutionConfigurationPlatforms) = preSolution
		Debug|x64 = Debug|x64
		Debug|x86 = Debug|x86
		Release|x64 = Release|x64
		Release|x86 = Release|x86
	EndGlobalSection
	GlobalSection(ProjectConfigurationPlatforms) = postSolution
		{9ABDC199-B709-43C4-B635-638812308CA3}.Debug|x64.ActiveCfg = Debug|x64
		{9ABDC199-B709-43C4-B635-638812308CA3}.Debug|x64.Build.0 = Debug|x64
		{9ABDC199-B709-43C4-B635-638812308CA3}.Debug|x86.ActiveCfg = Debug|Win32
		{9ABDC199-B709-43C4-B635-638812308CA3}.Debug|x86.Build.0 = Debug|Win32
		{9ABDC199-B709-43C4-B635-638812308CA3}.Release|x64.ActiveCfg = Release|x64
		{9ABDC199-B709-43C4-B635-638812308CA3}.Release|x64.Build.0 = Release|x64
		{9ABDC199-B709-43C4-B635-638812308CA3}.Release|x86.ActiveCfg = Release|Win32
		{9ABDC199-B709-43C4-B635-638812308CA3}.Release|x86.Build.0 = Release|Win32
	EndGlobalSection
	GlobalSection(SolutionProperties) = preSolution
		HideSolutionNode = FALSE
	EndGlobalSection
	GlobalSection(ExtensibilityGlobals) = postSolution
		SolutionGuid = {F06FE298-E44D-4D3B-BA7F-EC558C3F826A}
	EndGlobalSection
EndGlobal
