
Microsoft Visual Studio Solution File, Format Version 12.00
# Visual Studio 15
VisualStudioVersion = 15.0.28307.852
MinimumVisualStudioVersion = 10.0.40219.1
Project("{8BC9CEB8-8B4A-11D0-8D11-00A0C91BC942}") = "test-10-16-2", "test-10-16-2\test-10-16-2.vcxproj", "{248AC6E3-D56E-4B89-8AD5-7F52F78AE810}"
EndProject
Global
	GlobalSection(SolutionConfigurationPlatforms) = preSolution
		Debug|x64 = Debug|x64
		Debug|x86 = Debug|x86
		Release|x64 = Release|x64
		Release|x86 = Release|x86
	EndGlobalSection
	GlobalSection(ProjectConfigurationPlatforms) = postSolution
		{248AC6E3-D56E-4B89-8AD5-7F52F78AE810}.Debug|x64.ActiveCfg = Debug|x64
		{248AC6E3-D56E-4B89-8AD5-7F52F78AE810}.Debug|x64.Build.0 = Debug|x64
		{248AC6E3-D56E-4B89-8AD5-7F52F78AE810}.Debug|x86.ActiveCfg = Debug|Win32
		{248AC6E3-D56E-4B89-8AD5-7F52F78AE810}.Debug|x86.Build.0 = Debug|Win32
		{248AC6E3-D56E-4B89-8AD5-7F52F78AE810}.Release|x64.ActiveCfg = Release|x64
		{248AC6E3-D56E-4B89-8AD5-7F52F78AE810}.Release|x64.Build.0 = Release|x64
		{248AC6E3-D56E-4B89-8AD5-7F52F78AE810}.Release|x86.ActiveCfg = Release|Win32
		{248AC6E3-D56E-4B89-8AD5-7F52F78AE810}.Release|x86.Build.0 = Release|Win32
	EndGlobalSection
	GlobalSection(SolutionProperties) = preSolution
		HideSolutionNode = FALSE
	EndGlobalSection
	GlobalSection(ExtensibilityGlobals) = postSolution
		SolutionGuid = {0C8EB9DE-7FB9-4E0D-B81F-C48BBB2552CB}
	EndGlobalSection
EndGlobal
