
Microsoft Visual Studio Solution File, Format Version 12.00
# Visual Studio 15
VisualStudioVersion = 15.0.28307.852
MinimumVisualStudioVersion = 10.0.40219.1
Project("{8BC9CEB8-8B4A-11D0-8D11-00A0C91BC942}") = "test-2020-2-17-1-lk", "test-2020-2-17-1-lk\test-2020-2-17-1-lk.vcxproj", "{64520102-B420-4284-AD47-C2DC9D146055}"
EndProject
Global
	GlobalSection(SolutionConfigurationPlatforms) = preSolution
		Debug|x64 = Debug|x64
		Debug|x86 = Debug|x86
		Release|x64 = Release|x64
		Release|x86 = Release|x86
	EndGlobalSection
	GlobalSection(ProjectConfigurationPlatforms) = postSolution
		{64520102-B420-4284-AD47-C2DC9D146055}.Debug|x64.ActiveCfg = Debug|x64
		{64520102-B420-4284-AD47-C2DC9D146055}.Debug|x64.Build.0 = Debug|x64
		{64520102-B420-4284-AD47-C2DC9D146055}.Debug|x86.ActiveCfg = Debug|Win32
		{64520102-B420-4284-AD47-C2DC9D146055}.Debug|x86.Build.0 = Debug|Win32
		{64520102-B420-4284-AD47-C2DC9D146055}.Release|x64.ActiveCfg = Release|x64
		{64520102-B420-4284-AD47-C2DC9D146055}.Release|x64.Build.0 = Release|x64
		{64520102-B420-4284-AD47-C2DC9D146055}.Release|x86.ActiveCfg = Release|Win32
		{64520102-B420-4284-AD47-C2DC9D146055}.Release|x86.Build.0 = Release|Win32
	EndGlobalSection
	GlobalSection(SolutionProperties) = preSolution
		HideSolutionNode = FALSE
	EndGlobalSection
	GlobalSection(ExtensibilityGlobals) = postSolution
		SolutionGuid = {85995716-BDDA-4659-B4F5-DB74AE2B9573}
	EndGlobalSection
EndGlobal
