
Microsoft Visual Studio Solution File, Format Version 12.00
# Visual Studio 15
VisualStudioVersion = 15.0.28307.852
MinimumVisualStudioVersion = 10.0.40219.1
Project("{8BC9CEB8-8B4A-11D0-8D11-00A0C91BC942}") = "test-11-18", "test-11-18\test-11-18.vcxproj", "{D32585F8-A4BE-4DAF-BAC2-341BF9E8318F}"
EndProject
Global
	GlobalSection(SolutionConfigurationPlatforms) = preSolution
		Debug|x64 = Debug|x64
		Debug|x86 = Debug|x86
		Release|x64 = Release|x64
		Release|x86 = Release|x86
	EndGlobalSection
	GlobalSection(ProjectConfigurationPlatforms) = postSolution
		{D32585F8-A4BE-4DAF-BAC2-341BF9E8318F}.Debug|x64.ActiveCfg = Debug|x64
		{D32585F8-A4BE-4DAF-BAC2-341BF9E8318F}.Debug|x64.Build.0 = Debug|x64
		{D32585F8-A4BE-4DAF-BAC2-341BF9E8318F}.Debug|x86.ActiveCfg = Debug|Win32
		{D32585F8-A4BE-4DAF-BAC2-341BF9E8318F}.Debug|x86.Build.0 = Debug|Win32
		{D32585F8-A4BE-4DAF-BAC2-341BF9E8318F}.Release|x64.ActiveCfg = Release|x64
		{D32585F8-A4BE-4DAF-BAC2-341BF9E8318F}.Release|x64.Build.0 = Release|x64
		{D32585F8-A4BE-4DAF-BAC2-341BF9E8318F}.Release|x86.ActiveCfg = Release|Win32
		{D32585F8-A4BE-4DAF-BAC2-341BF9E8318F}.Release|x86.Build.0 = Release|Win32
	EndGlobalSection
	GlobalSection(SolutionProperties) = preSolution
		HideSolutionNode = FALSE
	EndGlobalSection
	GlobalSection(ExtensibilityGlobals) = postSolution
		SolutionGuid = {1B726DA8-6DCF-4903-B901-EA0B3838C026}
	EndGlobalSection
EndGlobal
