
Microsoft Visual Studio Solution File, Format Version 12.00
# Visual Studio 15
VisualStudioVersion = 15.0.28307.852
MinimumVisualStudioVersion = 10.0.40219.1
Project("{8BC9CEB8-8B4A-11D0-8D11-00A0C91BC942}") = "test-10-13", "test-10-13\test-10-13.vcxproj", "{CD9C8477-447E-40D5-9DA1-4458816D99B7}"
EndProject
Global
	GlobalSection(SolutionConfigurationPlatforms) = preSolution
		Debug|x64 = Debug|x64
		Debug|x86 = Debug|x86
		Release|x64 = Release|x64
		Release|x86 = Release|x86
	EndGlobalSection
	GlobalSection(ProjectConfigurationPlatforms) = postSolution
		{CD9C8477-447E-40D5-9DA1-4458816D99B7}.Debug|x64.ActiveCfg = Debug|x64
		{CD9C8477-447E-40D5-9DA1-4458816D99B7}.Debug|x64.Build.0 = Debug|x64
		{CD9C8477-447E-40D5-9DA1-4458816D99B7}.Debug|x86.ActiveCfg = Debug|Win32
		{CD9C8477-447E-40D5-9DA1-4458816D99B7}.Debug|x86.Build.0 = Debug|Win32
		{CD9C8477-447E-40D5-9DA1-4458816D99B7}.Release|x64.ActiveCfg = Release|x64
		{CD9C8477-447E-40D5-9DA1-4458816D99B7}.Release|x64.Build.0 = Release|x64
		{CD9C8477-447E-40D5-9DA1-4458816D99B7}.Release|x86.ActiveCfg = Release|Win32
		{CD9C8477-447E-40D5-9DA1-4458816D99B7}.Release|x86.Build.0 = Release|Win32
	EndGlobalSection
	GlobalSection(SolutionProperties) = preSolution
		HideSolutionNode = FALSE
	EndGlobalSection
	GlobalSection(ExtensibilityGlobals) = postSolution
		SolutionGuid = {B76436D0-D43A-45DE-B3AF-32AEEEEF8C4F}
	EndGlobalSection
EndGlobal
