
Microsoft Visual Studio Solution File, Format Version 12.00
# Visual Studio 15
VisualStudioVersion = 15.0.28307.852
MinimumVisualStudioVersion = 10.0.40219.1
Project("{8BC9CEB8-8B4A-11D0-8D11-00A0C91BC942}") = "test-2020-4-10", "test-2020-4-10\test-2020-4-10.vcxproj", "{C610EF95-EDE9-433D-A9A0-639B5D6D7C9A}"
EndProject
Global
	GlobalSection(SolutionConfigurationPlatforms) = preSolution
		Debug|x64 = Debug|x64
		Debug|x86 = Debug|x86
		Release|x64 = Release|x64
		Release|x86 = Release|x86
	EndGlobalSection
	GlobalSection(ProjectConfigurationPlatforms) = postSolution
		{C610EF95-EDE9-433D-A9A0-639B5D6D7C9A}.Debug|x64.ActiveCfg = Debug|x64
		{C610EF95-EDE9-433D-A9A0-639B5D6D7C9A}.Debug|x64.Build.0 = Debug|x64
		{C610EF95-EDE9-433D-A9A0-639B5D6D7C9A}.Debug|x86.ActiveCfg = Debug|Win32
		{C610EF95-EDE9-433D-A9A0-639B5D6D7C9A}.Debug|x86.Build.0 = Debug|Win32
		{C610EF95-EDE9-433D-A9A0-639B5D6D7C9A}.Release|x64.ActiveCfg = Release|x64
		{C610EF95-EDE9-433D-A9A0-639B5D6D7C9A}.Release|x64.Build.0 = Release|x64
		{C610EF95-EDE9-433D-A9A0-639B5D6D7C9A}.Release|x86.ActiveCfg = Release|Win32
		{C610EF95-EDE9-433D-A9A0-639B5D6D7C9A}.Release|x86.Build.0 = Release|Win32
	EndGlobalSection
	GlobalSection(SolutionProperties) = preSolution
		HideSolutionNode = FALSE
	EndGlobalSection
	GlobalSection(ExtensibilityGlobals) = postSolution
		SolutionGuid = {1532A951-79A1-4E6F-9C41-4573D0EEC647}
	EndGlobalSection
EndGlobal
