
Microsoft Visual Studio Solution File, Format Version 12.00
# Visual Studio 15
VisualStudioVersion = 15.0.28307.852
MinimumVisualStudioVersion = 10.0.40219.1
Project("{8BC9CEB8-8B4A-11D0-8D11-00A0C91BC942}") = "test704", "test704\test704.vcxproj", "{7A098153-4B82-4064-8D45-888BFCBC60EC}"
EndProject
Global
	GlobalSection(SolutionConfigurationPlatforms) = preSolution
		Debug|x64 = Debug|x64
		Debug|x86 = Debug|x86
		Release|x64 = Release|x64
		Release|x86 = Release|x86
	EndGlobalSection
	GlobalSection(ProjectConfigurationPlatforms) = postSolution
		{7A098153-4B82-4064-8D45-888BFCBC60EC}.Debug|x64.ActiveCfg = Debug|x64
		{7A098153-4B82-4064-8D45-888BFCBC60EC}.Debug|x64.Build.0 = Debug|x64
		{7A098153-4B82-4064-8D45-888BFCBC60EC}.Debug|x86.ActiveCfg = Debug|Win32
		{7A098153-4B82-4064-8D45-888BFCBC60EC}.Debug|x86.Build.0 = Debug|Win32
		{7A098153-4B82-4064-8D45-888BFCBC60EC}.Release|x64.ActiveCfg = Release|x64
		{7A098153-4B82-4064-8D45-888BFCBC60EC}.Release|x64.Build.0 = Release|x64
		{7A098153-4B82-4064-8D45-888BFCBC60EC}.Release|x86.ActiveCfg = Release|Win32
		{7A098153-4B82-4064-8D45-888BFCBC60EC}.Release|x86.Build.0 = Release|Win32
	EndGlobalSection
	GlobalSection(SolutionProperties) = preSolution
		HideSolutionNode = FALSE
	EndGlobalSection
	GlobalSection(ExtensibilityGlobals) = postSolution
		SolutionGuid = {27B3371C-FCFC-4333-81A1-EEEBB3BD6128}
	EndGlobalSection
EndGlobal
